# THIS IS AN AUTOGENERATED FILE. DO NOT EDIT THIS FILE DIRECTLY.
# yarn lockfile v1


"@plecicki/randomid-generator@^1.0.0":
  version "1.0.0"
  resolved "https://registry.yarnpkg.com/@plecicki/randomid-generator/-/randomid-generator-1.0.0.tgz#e95c4f51483d9791cd0f479f6118e94ab1480880"
  integrity sha512-/RypUC1BjexyiVRAaQwSfGxUmj6Va4gX/OyB8GOt9jZsI9eevjXw6bBP/OzYBdoeNcy66GZIRJNs+l5NyYrqTA==
